
Microsoft Visual Studio Solution File, Format Version 12.00
# Visual Studio Version 16
VisualStudioVersion = 16.0.30804.86
MinimumVisualStudioVersion = 10.0.40219.1
Project("{FAE04EC0-301F-11D3-BF4B-00C04F79EFBC}") = "MessengerServer", "MessengerServer\MessengerServer.csproj", "{32B8A879-226E-4A3E-AC83-127067CAC60D}"
EndProject
Global
	GlobalSection(SolutionConfigurationPlatforms) = preSolution
		Debug|Any CPU = Debug|Any CPU
		Release|Any CPU = Release|Any CPU
	EndGlobalSection
	GlobalSection(ProjectConfigurationPlatforms) = postSolution
		{32B8A879-226E-4A3E-AC83-127067CAC60D}.Debug|Any CPU.ActiveCfg = Debug|Any CPU
		{32B8A879-226E-4A3E-AC83-127067CAC60D}.Debug|Any CPU.Build.0 = Debug|Any CPU
		{32B8A879-226E-4A3E-AC83-127067CAC60D}.Release|Any CPU.ActiveCfg = Release|Any CPU
		{32B8A879-226E-4A3E-AC83-127067CAC60D}.Release|Any CPU.Build.0 = Release|Any CPU
	EndGlobalSection
	GlobalSection(SolutionProperties) = preSolution
		HideSolutionNode = FALSE
	EndGlobalSection
	GlobalSection(ExtensibilityGlobals) = postSolution
		SolutionGuid = {1DFACA72-85DD-416F-A3FB-91A7FC2FE928}
	EndGlobalSection
EndGlobal
